
Microsoft Visual Studio Solution File, Format Version 12.00
# Visual Studio Version 16
VisualStudioVersion = 16.0.31729.503
MinimumVisualStudioVersion = 10.0.40219.1
Project("{FAE04EC0-301F-11D3-BF4B-00C04F79EFBC}") = "Statements", "Statements\Statements.csproj", "{99779F1C-4E45-4A40-B719-B6B379F715BB}"
EndProject
Global
	GlobalSection(SolutionConfigurationPlatforms) = preSolution
		Debug|Any CPU = Debug|Any CPU
		Release|Any CPU = Release|Any CPU
	EndGlobalSection
	GlobalSection(ProjectConfigurationPlatforms) = postSolution
		{99779F1C-4E45-4A40-B719-B6B379F715BB}.Debug|Any CPU.ActiveCfg = Debug|Any CPU
		{99779F1C-4E45-4A40-B719-B6B379F715BB}.Debug|Any CPU.Build.0 = Debug|Any CPU
		{99779F1C-4E45-4A40-B719-B6B379F715BB}.Release|Any CPU.ActiveCfg = Release|Any CPU
		{99779F1C-4E45-4A40-B719-B6B379F715BB}.Release|Any CPU.Build.0 = Release|Any CPU
	EndGlobalSection
	GlobalSection(SolutionProperties) = preSolution
		HideSolutionNode = FALSE
	EndGlobalSection
	GlobalSection(ExtensibilityGlobals) = postSolution
		SolutionGuid = {602CAA77-A979-47C1-A9FF-25FAE234C3AD}
	EndGlobalSection
EndGlobal
